# Generated for CPython 3.11 on linux/amd64 from only the base dependencies in
# SWE-bench v4.1.0 at 726c5461e2ef52d83cf1ea2107870a8bb3328d57.
# Optional inference, test, documentation, and development extras are excluded.
# Install with: pip install --require-hashes --only-binary=:all: --no-deps -r requirements.lock
GitPython==3.1.52 --hash=sha256:79a36ee1f83523214a3f72d56cf1c4e490d577dc61af77e43dfe5862bd9da01a
PyYAML==6.0.3 --hash=sha256:b8bb0864c5a28024fac8a632c443c87c5aa6f215c0b126c449ae1a150412f31d
Pygments==2.20.0 --hash=sha256:81a9e26dd42fd28a23a2d169d86d7ac03b46e2f8b59ed4698fb4785f946d0176
aiohappyeyeballs==2.7.1 --hash=sha256:9243213661e29250eb41368e5daa826fc017156c3b8a11440826b2e3ed376472
aiohttp==3.14.1 --hash=sha256:b821a1f7dedf7e37450654e620038ac3b2e81e8fa6ea269337e97101978ec730
aiosignal==1.4.0 --hash=sha256:053243f8b92b990551949e63930a839ff0cf0b0ebbe0597b0f3fb19e1a0fe82e
anyio==4.14.2 --hash=sha256:9f505dda5ac9f0c8309b5e8bd445a8c2bf7246f3ce950121e45ea15bc41d1494
attrs==26.1.0 --hash=sha256:c647aa4a12dfbad9333ca4e71fe62ddc36f4e63b2d260a37a8b83d2f043ac309
beautifulsoup4==4.15.0 --hash=sha256:d6f88de62e1d4e38ecb1077eb9724cd0eff29d2a08ca16a401e9b9e93f117cf9
cbor2==6.1.3 --hash=sha256:5f14159423a984c387982901f67313d6582251b6733c23e8bd925d73173691bf
certifi==2026.6.17 --hash=sha256:2227dcbaafe0d2f59279d1762ddddc37783ed4354594f194ffc31d20f41fc3db
cfgv==3.5.0 --hash=sha256:a8dc6b26ad22ff227d2634a65cb388215ce6cc96bbcc5cfde7641ae87e8dacc0
chardet==7.4.3 --hash=sha256:4c3da294de1a681097848ab58bd3f2771a674f8039d2d87a5538b28856b815e9
charset-normalizer==3.4.9 --hash=sha256:04ce310cb89c15df659582aee80a0603788732a5e017d5bd5c81158106ce249c
click==8.4.2 --hash=sha256:e6f9f66136c816745b9d65817da91d61d957fb16e02e4dcd0552553c5a197b76
datasets==5.0.0 --hash=sha256:7dd34927a0fd7046e98aad5cb9430e699c373238a15befa7b9bf22b991a7fee6
dill==0.4.1 --hash=sha256:1e1ce33e978ae97fcfcff5638477032b801c46c7c65cf717f95fbc2248f79a9d
distlib==0.4.3 --hash=sha256:4b0ce306c966eb73bc3a7b6abad017c556dadd92c44701562cd528ac7fde4d5b
docker==7.2.0 --hash=sha256:a3f45fdeb9165e2d25d9a1d02ddf3bc70fb572cf5ebbf9b58558c22caf29b71f
fastcore==2.1.1 --hash=sha256:59f475f815a4718d4c49f42dd69a0dba9f9c28666957156b56868789b37651e7
fastspec==0.1.1 --hash=sha256:e1d1ff89e5bfb1910ed97e1ec94f46319687e8ab6bf0afde2dd30dd983d23e41
filelock==3.31.0 --hash=sha256:739b73e580fe88bb78d830aeddbc492519ece3d97ac8368de13a2032c61010c1
frozenlist==1.8.0 --hash=sha256:2552f44204b744fba866e573be4c1f9048d6a324dfe14475103fd51613eb1d1f
fsspec==2026.4.0 --hash=sha256:11ef7bb35dab8a394fde6e608221d5cf3e8499401c249bebaeaad760a1a8dec2
ghapi==2.0.1 --hash=sha256:d82cd571826835780166995bd5217a2df339aab85ca7491ffcb1eedbf7950863
gitdb==4.0.12 --hash=sha256:67073e15955400952c6565cc3e707c554a4eea2e428946f7a4c162fab9bd9bcf
grpclib==0.4.9 --hash=sha256:7762ec1c8ed94dfad597475152dd35cbd11aecaaca2f243e29702435ca24cf0e
h11==0.16.0 --hash=sha256:63cf8bbe7522de3bf65932fda1d9c2772064ffb3dae62d55932da54b31cb6c86
h2==4.3.0 --hash=sha256:c438f029a25f7945c69e0ccf0fb951dc3f73a5f6412981daee861431b70e2bdd
hf-xet==1.5.2 --hash=sha256:db78c39c83d6279daddc98e2238f373ab8980685556d42472b4ec51abcf03e8c
hpack==4.2.0 --hash=sha256:858ac0b02280fa582b5080d68db0899c62a80375e0e5413a74970c5e518b6986
httpcore==1.0.9 --hash=sha256:2d400746a40668fc9dec9810239072b40b4484b640a8c38fd654a024c7a1bf55
httpx==0.28.1 --hash=sha256:d909fcccc110f8c7faf814ca82a9a4d816bc5a6dbfea25d6591d6985b8ba59ad
huggingface_hub==1.24.0 --hash=sha256:6ed4120a84a6beec900640aa7e346bd766a6b7341e41526fef5dc8bd81fb7d59
hyperframe==6.1.0 --hash=sha256:b03380493a519fce58ea5af42e4a42317bf9bd425596f7a0835ffce80f1a42e5
identify==2.6.19 --hash=sha256:20e6a87f786f768c092a721ad107fc9df0eb89347be9396cadf3f4abbd1fb78a
idna==3.18 --hash=sha256:7f952cbe720b688055e3f87de14f5c3e5fdaa8bc3928985c4077ca689de849a2
markdown-it-py==4.2.0 --hash=sha256:9f7ebbcd14fe59494226453aed97c1070d83f8d24b6fc3a3bcf9a38092641c4a
mdurl==0.1.2 --hash=sha256:84008a41e51615a49fc9966191ff91509e3c40b939176e643fd50a5c2196b8f8
modal==1.5.2 --hash=sha256:7508a44f8742c6f26be4d28da71f46092ef3bcc07d0f27cbd0ea8c9d6d9fc873
multidict==6.7.1 --hash=sha256:439cbebd499f92e9aa6793016a8acaa161dfa749ae86d20960189f5398a19144
multiprocess==0.70.19 --hash=sha256:928851ae7973aea4ce0eaf330bbdafb2e01398a91518d5c8818802845564f45c
nodeenv==1.10.0 --hash=sha256:5bb13e3eed2923615535339b3c620e76779af4cb4c6a90deccc9e36b274d3827
numpy==2.4.6 --hash=sha256:89cd468399cfd2504718f0ba50e410dca55a170b61a02ad92bb18c8a65186e93
packaging==26.2 --hash=sha256:5fc45236b9446107ff2415ce77c807cee2862cb6fac22b8a73826d0693b0980e
pandas==3.0.3 --hash=sha256:8a1e45c80cceb3b4a21bc5939d52e8cbd8d9b7305309219d59e9754d9ce09e27
platformdirs==4.10.1 --hash=sha256:0e4eff26be2d75293977f7cddc153fd9b8eaa7fb0c7b64ffe4076cb443117443
pre_commit==4.6.0 --hash=sha256:e2cf246f7299edcabcf15f9b0571fdce06058527f0a06535068a86d38089f29b
propcache==0.5.2 --hash=sha256:5aaa2b923c1944ac8febd6609cb373540a5563e7cbcb0fd770f75dace2eb817b
protobuf==6.33.6 --hash=sha256:e9db7e292e0ab79dd108d7f1a94fe31601ce1ee3f7b79e0692043423020b0593
pyarrow==25.0.0 --hash=sha256:0222f0071d13313962a88d21bf28b80d355ac39d81bfa6ff3fe00eeaf748e4be
python-dateutil==2.9.0.post0 --hash=sha256:a8b2bc7bffae282281c8140a97d3aa9c14da0b136dfe83f850eea9a5f7470427
python-discovery==1.4.4 --hash=sha256:abebe9120b43453b68c908acfb1e72a19d1a959ed2cb620ad38fc57d08056dbe
python-dotenv==1.2.2 --hash=sha256:1d8214789a24de455a8b8bd8ae6fe3c6b69a5e3d64aa8a8e5d68e694bbcb285a
requests==2.34.2 --hash=sha256:2a0d60c172f83ac6ab31e4554906c0f3b3588d37b5cb939b1c061f4907e278e0
rich==15.0.0 --hash=sha256:33bd4ef74232fb73fe9279a257718407f169c09b78a87ad3d296f548e27de0bb
six==1.17.0 --hash=sha256:4721f391ed90541fddacab5acf947aa0d3dc7d27b2e1e8eda2be8970586c3274
smmap==5.0.3 --hash=sha256:c106e05d5a61449cf6ba9a1e650227ecfb141590d2a98412103ff35d89fc7b2f
soupsieve==2.8.4 --hash=sha256:e7e6b0769c8f51ed59acab6e994b00621096cfb1c640a7509295987388fbaf65
synchronicity==0.12.5 --hash=sha256:fdbbb10d437bc08a6b0f814fc66fddd1b58ffed314533d42f1ab555801e781af
tenacity==9.1.4 --hash=sha256:6095a360c919085f28c6527de529e76a06ad89b23659fa881ae0649b867a9d55
toml==0.10.2 --hash=sha256:806143ae5bfb6a3c6e736a764057db0e6a0e05e338b5630894a5f779cabb4f9b
tqdm==4.69.0 --hash=sha256:9979978912be667a6ef21fd5d8abf54e324e63d82f7f43c360792ebc2bc4e622
types-certifi==2021.10.8.3 --hash=sha256:b2d1e325e69f71f7c78e5943d410e650b4707bb0ef32e4ddf3da37f54176e88a
types-toml==0.10.8.20260518 --hash=sha256:0e564ab05f6fde62a315b3b5a9b6624fda569399795d30a37e64705a70459303
typing_extensions==4.16.0 --hash=sha256:481caa481374e813c1b176ada14e97f1f67a4539ce9cfeb3f350d78d6370c2e8
unidiff==0.7.5 --hash=sha256:c93bf2265cc1ba2a520e415ab05da587370bc2a3ae9e0414329f54f0c2fc09e8
urllib3==2.7.0 --hash=sha256:9fb4c81ebbb1ce9531cce37674bbc6f1360472bc18ca9a553ede278ef7276897
virtualenv==21.6.1 --hash=sha256:afe991df855715a2b2f60edfcc0107ef95a79fdfd8cb4cdaa71603d1c12e463b
watchfiles==1.2.0 --hash=sha256:a711b51aec4370d0dcda5b6c09463206f133a5759341d7744b953a7b62e1100e
xxhash==3.8.1 --hash=sha256:ad52a0e4bcc0ba956a953a169d1feec2734a64981d689e4fc8f490f7bf91af60
yarl==1.24.2 --hash=sha256:49016d82f032b1bd1e10b01078a7d29ae71bf468eeae0ea22df8bab691e60003
